<?xml version="1.0" encoding="utf-8"?>
<Project ToolsVersion="17.0" xmlns="http://schemas.microsoft.com/developer/msbuild/2003">
  <ItemGroup>
    <CustomBuild Include="\\Mac\Home\SteamLibrary\steamapps\common\Like Dreamer\reverse\reconstructed\project\build-win11\CMakeFiles\811c209bd18ffc33bde8d7c28fc53a4b\generate.stamp.rule">
      <Filter>CMake Rules</Filter>
    </CustomBuild>
  </ItemGroup>
  <ItemGroup>
    <Filter Include="CMake Rules">
      <UniqueIdentifier>{9665F67D-39D7-34EB-AC1D-FCA05D4BE30F}</UniqueIdentifier>
    </Filter>
  </ItemGroup>
</Project>
